// !$*UTF8*$!
{ archiveVersion = 1; classes = {}; objectVersion = 56; objects = {
D23EBC3F1EFA4D3E91896612 = { isa = PBXBuildFile; fileRef = 66EF169DA41CA8C94FB6F6D0; };
D23EBC3F1EFA4D3E91896613 = { isa = PBXBuildFile; fileRef = D23EBC3F1EFA4D3E91896604; };
D23EBC3F1EFA4D3E91896614 = { isa = PBXBuildFile; fileRef = D23EBC3F1EFA4D3E91896606; };
D23EBC3F1EFA4D3E91896615 = { isa = PBXBuildFile; fileRef = D23EBC3F1EFA4D3E91896602; };
D23EBC3F1EFA4D3E91896610 = { isa = PBXFileReference; lastKnownFileType = sourcecode.swift; path = TeachingCoverage.swift; sourceTree = "<group>"; };
D23EBC3F1EFA4D3E91896611 = { isa = PBXBuildFile; fileRef = D23EBC3F1EFA4D3E91896610; };
D23EBC3F1EFA4D3E91896606 = { isa = PBXFileReference; lastKnownFileType = sourcecode.swift; path = ZividFieldOfView.swift; sourceTree = "<group>"; };
D23EBC3F1EFA4D3E91896607 = { isa = PBXBuildFile; fileRef = D23EBC3F1EFA4D3E91896606; };
D23EBC3F1EFA4D3E91896608 = { isa = PBXFileReference; lastKnownFileType = sourcecode.swift; path = ZividFieldOfViewOverlay.swift; sourceTree = "<group>"; };
D23EBC3F1EFA4D3E91896609 = { isa = PBXBuildFile; fileRef = D23EBC3F1EFA4D3E91896608; };
D23EBC3F1EFA4D3E91896604 = { isa = PBXFileReference; lastKnownFileType = sourcecode.swift; path = GroundPlane.swift; sourceTree = "<group>"; };
D23EBC3F1EFA4D3E91896605 = { isa = PBXBuildFile; fileRef = D23EBC3F1EFA4D3E91896604; };
D23EBC3F1EFA4D3E91896602 = { isa = PBXFileReference; lastKnownFileType = sourcecode.swift; path = SpatialLevelView.swift; sourceTree = "<group>"; };
D23EBC3F1EFA4D3E91896603 = { isa = PBXBuildFile; fileRef = D23EBC3F1EFA4D3E91896602; };
D23EBC3F1EFA4D3E91896600 = { isa = PBXBuildFile; fileRef = D23EBC3F1EFA4D3E91896598; };
D23EBC3F1EFA4D3E91896601 = { isa = PBXBuildFile; fileRef = AD59E3BB3FA0C87234A54933; };
D23EBC3F1EFA4D3E91896598 = { isa = PBXFileReference; lastKnownFileType = sourcecode.swift; path = IPv4AddressField.swift; sourceTree = "<group>"; };
D23EBC3F1EFA4D3E91896599 = { isa = PBXBuildFile; fileRef = D23EBC3F1EFA4D3E91896598; };
D23EBC3F1EFA4D3E91896596 = { isa = PBXFileReference; lastKnownFileType = sourcecode.swift; path = PairingCodeField.swift; sourceTree = "<group>"; };
D23EBC3F1EFA4D3E91896597 = { isa = PBXBuildFile; fileRef = D23EBC3F1EFA4D3E91896596; };
D23EBC3F1EFA4D3E91896594 = { isa = PBXFileReference; lastKnownFileType = sourcecode.swift; path = ProjectThumbnailView.swift; sourceTree = "<group>"; };
D23EBC3F1EFA4D3E91896595 = { isa = PBXBuildFile; fileRef = D23EBC3F1EFA4D3E91896594; };
D23EBC3F1EFA4D3E91896592 = { isa = PBXFileReference; lastKnownFileType = sourcecode.swift; path = PairingScannerView.swift; sourceTree = "<group>"; };
D23EBC3F1EFA4D3E91896593 = { isa = PBXBuildFile; fileRef = D23EBC3F1EFA4D3E91896592; };
D23EBC3F1EFA4D3E91896590 = { isa = PBXFileReference; lastKnownFileType = folder.assetcatalog; path = Assets.xcassets; sourceTree = "<group>"; };
D23EBC3F1EFA4D3E91896591 = { isa = PBXBuildFile; fileRef = D23EBC3F1EFA4D3E91896590; };
69B345AE8CBC14FAC9862091 = { isa = PBXFileReference; lastKnownFileType = sourcecode.swift; path = LANServiceDiscovery.swift; sourceTree = "<group>"; };
484E3DF772704DF3C9C86651 = { isa = PBXBuildFile; fileRef = 69B345AE8CBC14FAC9862091; };
BB1C917F63F9738B6459EB4E = { isa = PBXFileReference; lastKnownFileType = sourcecode.swift; path = AtlasTeachingUITests.swift; sourceTree = "<group>"; };
4B9D9ECE8BF27BC82CDAF15C = { isa = PBXBuildFile; fileRef = BB1C917F63F9738B6459EB4E; };
4D805372C7788730A442D754 = { isa = PBXGroup; children = (BB1C917F63F9738B6459EB4E); path = UITests; sourceTree = "<group>"; };
93B29C63186928624CCE7B68 = { isa = PBXFileReference; explicitFileType = wrapper.cfbundle; includeInIndex = 0; path = AtlasTeachingUITests.xctest; sourceTree = BUILT_PRODUCTS_DIR; };
6AD5D292D15FD66B4DB37194 = { isa = PBXSourcesBuildPhase; buildActionMask = 2147483647; files = (4B9D9ECE8BF27BC82CDAF15C, D23EBC3F1EFA4D3E91896600, D23EBC3F1EFA4D3E91896601, D23EBC3F1EFA4D3E91896612, D23EBC3F1EFA4D3E91896613, D23EBC3F1EFA4D3E91896614, D23EBC3F1EFA4D3E91896615); runOnlyForDeploymentPostprocessing = 0; };
91D9BD03D723BF0123C9DD1D = { isa = PBXFrameworksBuildPhase; buildActionMask = 2147483647; files = (); runOnlyForDeploymentPostprocessing = 0; };
98F775ACC2BC91B12FF68F75 = { isa = PBXContainerItemProxy; containerPortal = 244210E48437B6556980A702; proxyType = 1; remoteGlobalIDString = 34A04005BCAF206EEC990BD9; remoteInfo = AtlasTeaching; };
44A58A16A18609BC3079A032 = { isa = PBXTargetDependency; target = 34A04005BCAF206EEC990BD9; targetProxy = 98F775ACC2BC91B12FF68F75; };
156F725150A84FCB69393542 = { isa = XCBuildConfiguration; name = Debug; buildSettings = { PRODUCT_BUNDLE_IDENTIFIER = com.atlasroute.teaching.uitests; PRODUCT_NAME = "$(TARGET_NAME)"; GENERATE_INFOPLIST_FILE = YES; SWIFT_VERSION = 5.0; TARGETED_DEVICE_FAMILY = 2; IPHONEOS_DEPLOYMENT_TARGET = 17.0; TEST_TARGET_NAME = AtlasTeaching; CODE_SIGN_STYLE = Automatic; INFOPLIST_KEY_NSLocalNetworkUsageDescription = "Test local model transfer"; INFOPLIST_KEY_NSAppTransportSecurity_NSAllowsLocalNetworking = YES; }; };
C23B5A69B2E27C3E5F160FC6 = { isa = XCBuildConfiguration; name = Release; buildSettings = { PRODUCT_BUNDLE_IDENTIFIER = com.atlasroute.teaching.uitests; PRODUCT_NAME = "$(TARGET_NAME)"; GENERATE_INFOPLIST_FILE = YES; SWIFT_VERSION = 5.0; TARGETED_DEVICE_FAMILY = 2; IPHONEOS_DEPLOYMENT_TARGET = 17.0; TEST_TARGET_NAME = AtlasTeaching; CODE_SIGN_STYLE = Automatic; INFOPLIST_KEY_NSLocalNetworkUsageDescription = "Test local model transfer"; INFOPLIST_KEY_NSAppTransportSecurity_NSAllowsLocalNetworking = YES; }; };
FB47F8FFD0C900B005E1923C = { isa = XCConfigurationList; buildConfigurations = (156F725150A84FCB69393542, C23B5A69B2E27C3E5F160FC6); defaultConfigurationIsVisible = 0; defaultConfigurationName = Release; };
554A54670641A9ADACBED38F = { isa = PBXNativeTarget; buildConfigurationList = FB47F8FFD0C900B005E1923C; buildPhases = (6AD5D292D15FD66B4DB37194, 91D9BD03D723BF0123C9DD1D); buildRules = (); dependencies = (44A58A16A18609BC3079A032); name = AtlasTeachingUITests; productName = AtlasTeachingUITests; productReference = 93B29C63186928624CCE7B68; productType = "com.apple.product-type.bundle.ui-testing"; };
66EF169DA41CA8C94FB6F6D0 = { isa = PBXFileReference; lastKnownFileType = sourcecode.swift; path = ARController.swift; sourceTree = "<group>"; };
C79DD22E9010BFD435556A90 = { isa = PBXBuildFile; fileRef = 66EF169DA41CA8C94FB6F6D0; };
E5D20876D9BCB213FA161802 = { isa = PBXFileReference; lastKnownFileType = sourcecode.swift; path = AtlasTeachingApp.swift; sourceTree = "<group>"; };
DFAF39031DAE26E98DEACCE1 = { isa = PBXBuildFile; fileRef = E5D20876D9BCB213FA161802; };
F172AC38839D743985947BCB = { isa = PBXFileReference; lastKnownFileType = sourcecode.swift; path = ContentView.swift; sourceTree = "<group>"; };
EB70EE18564ACC5A9DA476FA = { isa = PBXBuildFile; fileRef = F172AC38839D743985947BCB; };
2CF96C6435E15E85815CA5D5 = { isa = PBXFileReference; lastKnownFileType = sourcecode.swift; path = LANClient.swift; sourceTree = "<group>"; };
B1EFB8CF43C10170F5D563A3 = { isa = PBXBuildFile; fileRef = 2CF96C6435E15E85815CA5D5; };
C0EBA581E5C1FC4CD88B4928 = { isa = PBXFileReference; lastKnownFileType = sourcecode.swift; path = ModelGeometry.swift; sourceTree = "<group>"; };
C89BE629912D2D360E05D151 = { isa = PBXBuildFile; fileRef = C0EBA581E5C1FC4CD88B4928; };
D2985520763BF2CC1B27F661 = { isa = PBXFileReference; lastKnownFileType = sourcecode.swift; path = ProjectStore.swift; sourceTree = "<group>"; };
3DAEA066D2ABD391AFA11C5A = { isa = PBXBuildFile; fileRef = D2985520763BF2CC1B27F661; };
AD59E3BB3FA0C87234A54933 = { isa = PBXFileReference; lastKnownFileType = sourcecode.swift; path = TeachingModels.swift; sourceTree = "<group>"; };
7567BC0E2362E76E6F663AB7 = { isa = PBXBuildFile; fileRef = AD59E3BB3FA0C87234A54933; };
5657FFC54790FB2E09394482 = { isa = PBXFileReference; lastKnownFileType = sourcecode.swift; path = TeachingSession.swift; sourceTree = "<group>"; };
4E4AB11BA58606DA5712F5DE = { isa = PBXBuildFile; fileRef = 5657FFC54790FB2E09394482; };
06271BAF49532C879AA3C58B = { isa = PBXFileReference; lastKnownFileType = text.plist.xml; path = Info.plist; sourceTree = "<group>"; };
A8792157CB4F27FB949C035F = { isa = PBXFileReference; explicitFileType = wrapper.application; includeInIndex = 0; path = AtlasTeaching.app; sourceTree = BUILT_PRODUCTS_DIR; };
21D3B380B3DAA02544E7A4A3 = { isa = PBXGroup; children = (D23EBC3F1EFA4D3E91896610, D23EBC3F1EFA4D3E91896606, D23EBC3F1EFA4D3E91896608, D23EBC3F1EFA4D3E91896604, D23EBC3F1EFA4D3E91896602, D23EBC3F1EFA4D3E91896598, D23EBC3F1EFA4D3E91896596, D23EBC3F1EFA4D3E91896594, D23EBC3F1EFA4D3E91896592, 69B345AE8CBC14FAC9862091, 66EF169DA41CA8C94FB6F6D0, E5D20876D9BCB213FA161802, F172AC38839D743985947BCB, 2CF96C6435E15E85815CA5D5, C0EBA581E5C1FC4CD88B4928, D2985520763BF2CC1B27F661, AD59E3BB3FA0C87234A54933, 5657FFC54790FB2E09394482, D23EBC3F1EFA4D3E91896590, 06271BAF49532C879AA3C58B); path = AtlasTeaching; sourceTree = "<group>"; };
0A3E27B8CA818264D75C8D81 = { isa = PBXGroup; children = (A8792157CB4F27FB949C035F, 93B29C63186928624CCE7B68); name = Products; sourceTree = "<group>"; };
0D6E4079E36703EBD37C0072 = { isa = PBXGroup; children = (21D3B380B3DAA02544E7A4A3, 0A3E27B8CA818264D75C8D81, 4D805372C7788730A442D754); sourceTree = "<group>"; };
878A52FC5FF6A57D50B7B870 = { isa = PBXSourcesBuildPhase; buildActionMask = 2147483647; files = (D23EBC3F1EFA4D3E91896611, D23EBC3F1EFA4D3E91896607, D23EBC3F1EFA4D3E91896609, D23EBC3F1EFA4D3E91896605, D23EBC3F1EFA4D3E91896603, D23EBC3F1EFA4D3E91896599, D23EBC3F1EFA4D3E91896597, D23EBC3F1EFA4D3E91896595, D23EBC3F1EFA4D3E91896593, 484E3DF772704DF3C9C86651, C79DD22E9010BFD435556A90, DFAF39031DAE26E98DEACCE1, EB70EE18564ACC5A9DA476FA, B1EFB8CF43C10170F5D563A3, C89BE629912D2D360E05D151, 3DAEA066D2ABD391AFA11C5A, 7567BC0E2362E76E6F663AB7, 4E4AB11BA58606DA5712F5DE); runOnlyForDeploymentPostprocessing = 0; };
E2AA269EB967A8853A258BFA = { isa = PBXFrameworksBuildPhase; buildActionMask = 2147483647; files = (); runOnlyForDeploymentPostprocessing = 0; };
41D311A605520FC7B8B9A980 = { isa = PBXResourcesBuildPhase; buildActionMask = 2147483647; files = (D23EBC3F1EFA4D3E91896591); runOnlyForDeploymentPostprocessing = 0; };
73EBF6644258C120893E685D = { isa = XCBuildConfiguration; buildSettings = { CLANG_ENABLE_MODULES = YES; SDKROOT = iphoneos; IPHONEOS_DEPLOYMENT_TARGET = 17.0; SWIFT_VERSION = 5.0; SWIFT_OPTIMIZATION_LEVEL = "-Onone"; SWIFT_ACTIVE_COMPILATION_CONDITIONS = DEBUG; DEBUG_INFORMATION_FORMAT = dwarf; }; name = Debug; };
0B0C687DF8B6B8DC790B519C = { isa = XCBuildConfiguration; buildSettings = { CLANG_ENABLE_MODULES = YES; SDKROOT = iphoneos; IPHONEOS_DEPLOYMENT_TARGET = 17.0; SWIFT_VERSION = 5.0; SWIFT_COMPILATION_MODE = wholemodule; SWIFT_OPTIMIZATION_LEVEL = "-O"; DEBUG_INFORMATION_FORMAT = "dwarf-with-dsym"; }; name = Release; };
76F8DEC3DFE0BDB465198890 = { isa = XCConfigurationList; buildConfigurations = (73EBF6644258C120893E685D, 0B0C687DF8B6B8DC790B519C); defaultConfigurationIsVisible = 0; defaultConfigurationName = Release; };
6C7EFF6369083C8E1F2B1994 = { isa = XCBuildConfiguration; buildSettings = { CLANG_ENABLE_MODULES = YES; SDKROOT = iphoneos; IPHONEOS_DEPLOYMENT_TARGET = 17.0; SWIFT_VERSION = 5.0; PRODUCT_BUNDLE_IDENTIFIER = com.atlasroute.teaching; PRODUCT_NAME = "$(TARGET_NAME)"; TARGETED_DEVICE_FAMILY = 2; INFOPLIST_FILE = AtlasTeaching/Info.plist; GENERATE_INFOPLIST_FILE = NO; ASSETCATALOG_COMPILER_APPICON_NAME = AppIcon; CODE_SIGN_STYLE = Automatic; SWIFT_EMIT_LOC_STRINGS = YES; SUPPORTS_MACCATALYST = NO; SUPPORTS_MAC_DESIGNED_FOR_IPHONE_IPAD = NO; LD_RUNPATH_SEARCH_PATHS = "$(inherited) @executable_path/Frameworks"; SWIFT_OPTIMIZATION_LEVEL = "-Onone"; SWIFT_ACTIVE_COMPILATION_CONDITIONS = DEBUG; DEBUG_INFORMATION_FORMAT = dwarf; }; name = Debug; };
DD75E2CB1C510A828AC72D96 = { isa = XCBuildConfiguration; buildSettings = { CLANG_ENABLE_MODULES = YES; SDKROOT = iphoneos; IPHONEOS_DEPLOYMENT_TARGET = 17.0; SWIFT_VERSION = 5.0; PRODUCT_BUNDLE_IDENTIFIER = com.atlasroute.teaching; PRODUCT_NAME = "$(TARGET_NAME)"; TARGETED_DEVICE_FAMILY = 2; INFOPLIST_FILE = AtlasTeaching/Info.plist; GENERATE_INFOPLIST_FILE = NO; ASSETCATALOG_COMPILER_APPICON_NAME = AppIcon; CODE_SIGN_STYLE = Automatic; SWIFT_EMIT_LOC_STRINGS = YES; SUPPORTS_MACCATALYST = NO; SUPPORTS_MAC_DESIGNED_FOR_IPHONE_IPAD = NO; LD_RUNPATH_SEARCH_PATHS = "$(inherited) @executable_path/Frameworks"; SWIFT_COMPILATION_MODE = wholemodule; SWIFT_OPTIMIZATION_LEVEL = "-O"; DEBUG_INFORMATION_FORMAT = "dwarf-with-dsym"; }; name = Release; };
1B672BF3DA427763BF644BE3 = { isa = XCConfigurationList; buildConfigurations = (6C7EFF6369083C8E1F2B1994, DD75E2CB1C510A828AC72D96); defaultConfigurationIsVisible = 0; defaultConfigurationName = Release; };
34A04005BCAF206EEC990BD9 = { isa = PBXNativeTarget; buildConfigurationList = 1B672BF3DA427763BF644BE3; buildPhases = (878A52FC5FF6A57D50B7B870, E2AA269EB967A8853A258BFA, 41D311A605520FC7B8B9A980); buildRules = (); dependencies = (); name = AtlasTeaching; productName = AtlasTeaching; productReference = A8792157CB4F27FB949C035F; productType = "com.apple.product-type.application"; };
244210E48437B6556980A702 = { isa = PBXProject; attributes = { BuildIndependentTargetsInParallel = YES; LastUpgradeCheck = 2660; TargetAttributes = { 34A04005BCAF206EEC990BD9 = { CreatedOnToolsVersion = 26.6; }; }; }; buildConfigurationList = 76F8DEC3DFE0BDB465198890; compatibilityVersion = "Xcode 14.0"; developmentRegion = zh_CN; hasScannedForEncodings = 0; knownRegions = (en, zh_CN, Base); mainGroup = 0D6E4079E36703EBD37C0072; productRefGroup = 0A3E27B8CA818264D75C8D81; projectDirPath = ""; projectRoot = ""; targets = (34A04005BCAF206EEC990BD9, 554A54670641A9ADACBED38F); };
}; rootObject = 244210E48437B6556980A702; }
