// !$*UTF8*$!
{ archiveVersion = 1; classes = {}; objectVersion = 56; objects = {
EE077ECECBFB2F23ED582EAE = { isa = PBXFileReference; lastKnownFileType = folder.assetcatalog; path = Assets.xcassets; sourceTree = "<group>"; };
D15A9CA4475309BA6B4134AE = { isa = PBXBuildFile; fileRef = EE077ECECBFB2F23ED582EAE; };
44A3858735EE662AD437977D = { isa = PBXFileReference; lastKnownFileType = sourcecode.swift; path = AtlasVisionTeachingApp.swift; sourceTree = "<group>"; };
BF238B022F4849488F68B711 = { isa = PBXBuildFile; fileRef = 44A3858735EE662AD437977D; };
D0B4C57C902EC641125D3232 = { isa = PBXFileReference; lastKnownFileType = sourcecode.swift; path = VisionDemo.swift; sourceTree = "<group>"; };
111451BC8D871EC08B85C847 = { isa = PBXBuildFile; fileRef = D0B4C57C902EC641125D3232; };
1AF9E20B03C2D386ED8EE91E = { isa = PBXFileReference; lastKnownFileType = sourcecode.swift; path = VisionImmersiveView.swift; sourceTree = "<group>"; };
AAB6202BD78157E6B185A87F = { isa = PBXBuildFile; fileRef = 1AF9E20B03C2D386ED8EE91E; };
758D4FC39617427FFD348F20 = { isa = PBXFileReference; lastKnownFileType = sourcecode.swift; path = VisionMeshData.swift; sourceTree = "<group>"; };
385BD680D622C8B0728C370A = { isa = PBXBuildFile; fileRef = 758D4FC39617427FFD348F20; };
247D79FEF5FAFE29A9216064 = { isa = PBXFileReference; lastKnownFileType = sourcecode.swift; path = VisionModelRenderer.swift; sourceTree = "<group>"; };
AD28D8A4010BEBA9934F5FC2 = { isa = PBXBuildFile; fileRef = 247D79FEF5FAFE29A9216064; };
FD8B8E12EC4004F0E5E06C12 = { isa = PBXFileReference; lastKnownFileType = sourcecode.swift; path = VisionPoseMath.swift; sourceTree = "<group>"; };
C589F0D6FF15D7E25F3C7794 = { isa = PBXBuildFile; fileRef = FD8B8E12EC4004F0E5E06C12; };
268AAD755040EA98F3A32FF0 = { isa = PBXFileReference; lastKnownFileType = sourcecode.swift; path = VisionTrackingController.swift; sourceTree = "<group>"; };
4CC3F1CD0F929B16B1C94E2E = { isa = PBXBuildFile; fileRef = 268AAD755040EA98F3A32FF0; };
B692D9AB86E3A2FDF03E551A = { isa = PBXFileReference; lastKnownFileType = sourcecode.swift; path = VisionWorkspaceView.swift; sourceTree = "<group>"; };
2A4B3D8FA7DC541445CE6C4F = { isa = PBXBuildFile; fileRef = B692D9AB86E3A2FDF03E551A; };
3A2A88DEEFF3D1D23E496597 = { isa = PBXGroup; children = (EE077ECECBFB2F23ED582EAE, 44A3858735EE662AD437977D, D0B4C57C902EC641125D3232, 1AF9E20B03C2D386ED8EE91E, 758D4FC39617427FFD348F20, 247D79FEF5FAFE29A9216064, FD8B8E12EC4004F0E5E06C12, 268AAD755040EA98F3A32FF0, B692D9AB86E3A2FDF03E551A); path = "AtlasVisionTeaching"; sourceTree = "<group>"; };
7E82408E625A51D078ACB991 = { isa = PBXFileReference; lastKnownFileType = sourcecode.swift; path = TeachingModels.swift; sourceTree = "<group>"; };
72D545C8D5A2A13F0E525E9A = { isa = PBXBuildFile; fileRef = 7E82408E625A51D078ACB991; };
C142EFEFF3AE49AD7E7CAF79 = { isa = PBXFileReference; lastKnownFileType = sourcecode.swift; path = LANClient.swift; sourceTree = "<group>"; };
3B1D54712F3B205E178873C4 = { isa = PBXBuildFile; fileRef = C142EFEFF3AE49AD7E7CAF79; };
5FAABF7CE56DB6F52D92E99E = { isa = PBXFileReference; lastKnownFileType = sourcecode.swift; path = LANServiceDiscovery.swift; sourceTree = "<group>"; };
62319D53627E4A6FF1ABE95C = { isa = PBXBuildFile; fileRef = 5FAABF7CE56DB6F52D92E99E; };
C0D2A6A61BFD94851BBFCAE6 = { isa = PBXFileReference; lastKnownFileType = sourcecode.swift; path = ProjectStore.swift; sourceTree = "<group>"; };
AC90331CA47DDEA02CCE9C8B = { isa = PBXBuildFile; fileRef = C0D2A6A61BFD94851BBFCAE6; };
B10AA5955BCDE8A1676CBC05 = { isa = PBXFileReference; lastKnownFileType = sourcecode.swift; path = TeachingSession.swift; sourceTree = "<group>"; };
3D956E962913AD172D2C629E = { isa = PBXBuildFile; fileRef = B10AA5955BCDE8A1676CBC05; };
D7DE31C5A57B2AF3D51C755A = { isa = PBXFileReference; lastKnownFileType = sourcecode.swift; path = ModelGeometry.swift; sourceTree = "<group>"; };
E15499DB9EB1DA8CAB7496F5 = { isa = PBXBuildFile; fileRef = D7DE31C5A57B2AF3D51C755A; };
D188E35733D22173C60C9CBB = { isa = PBXFileReference; lastKnownFileType = sourcecode.swift; path = ZividFieldOfView.swift; sourceTree = "<group>"; };
5EDAB68F6CC37333BD808C78 = { isa = PBXBuildFile; fileRef = D188E35733D22173C60C9CBB; };
A51B995684AEC2DD04AF0056 = { isa = PBXGroup; children = (7E82408E625A51D078ACB991, C142EFEFF3AE49AD7E7CAF79, 5FAABF7CE56DB6F52D92E99E, C0D2A6A61BFD94851BBFCAE6, B10AA5955BCDE8A1676CBC05, D7DE31C5A57B2AF3D51C755A, D188E35733D22173C60C9CBB); path = "../ipad/AtlasTeaching"; sourceTree = "<group>"; };
BCE16DD0260827ECF338C787 = { isa = PBXSourcesBuildPhase; buildActionMask = 2147483647; files = (BF238B022F4849488F68B711, 111451BC8D871EC08B85C847, AAB6202BD78157E6B185A87F, 385BD680D622C8B0728C370A, AD28D8A4010BEBA9934F5FC2, C589F0D6FF15D7E25F3C7794, 4CC3F1CD0F929B16B1C94E2E, 2A4B3D8FA7DC541445CE6C4F, 72D545C8D5A2A13F0E525E9A, 3B1D54712F3B205E178873C4, 62319D53627E4A6FF1ABE95C, AC90331CA47DDEA02CCE9C8B, 3D956E962913AD172D2C629E, E15499DB9EB1DA8CAB7496F5, 5EDAB68F6CC37333BD808C78); runOnlyForDeploymentPostprocessing = 0; };
C2AEF8FE86E0ACA591FF136E = { isa = PBXFileReference; lastKnownFileType = sourcecode.swift; path = AtlasVisionTeachingUITests.swift; sourceTree = "<group>"; };
69FF7C5EBA60FEFBBB204BCB = { isa = PBXBuildFile; fileRef = C2AEF8FE86E0ACA591FF136E; };
8B7A6DECC0651D269EA794C7 = { isa = PBXGroup; children = (C2AEF8FE86E0ACA591FF136E); path = "UITests"; sourceTree = "<group>"; };
9F3002A5D69B22D357A58AA9 = { isa = PBXSourcesBuildPhase; buildActionMask = 2147483647; files = (69FF7C5EBA60FEFBBB204BCB); runOnlyForDeploymentPostprocessing = 0; };
7561BFB015D8F536760CB671 = { isa = PBXFrameworksBuildPhase; buildActionMask = 2147483647; files = (); runOnlyForDeploymentPostprocessing = 0; };
0189424A5A60FED329FA868E = { isa = PBXResourcesBuildPhase; buildActionMask = 2147483647; files = (D15A9CA4475309BA6B4134AE); runOnlyForDeploymentPostprocessing = 0; };
38A007151ABE87CC01A5B6E9 = { isa = PBXFileReference; explicitFileType = wrapper.application; path = AtlasVisionTeaching.app; sourceTree = BUILT_PRODUCTS_DIR; };
B7480EC88B7F22D0A4757273 = { isa = PBXFileReference; explicitFileType = wrapper.cfbundle; path = AtlasVisionTeachingUITests.xctest; sourceTree = BUILT_PRODUCTS_DIR; };
FBDC4F23F93125BBEEAE800C = { isa = PBXGroup; children = (38A007151ABE87CC01A5B6E9, B7480EC88B7F22D0A4757273); name = Products; sourceTree = "<group>"; };
B28B7AF69320201D1CF206EB = { isa = PBXGroup; children = (3A2A88DEEFF3D1D23E496597, A51B995684AEC2DD04AF0056, 8B7A6DECC0651D269EA794C7, FBDC4F23F93125BBEEAE800C); sourceTree = "<group>"; };
89E1FD6268CC0F221A2BE178 = { isa = XCBuildConfiguration; name = Debug; buildSettings = { CLANG_ENABLE_MODULES = YES; SDKROOT = xros; SUPPORTED_PLATFORMS = "xros xrsimulator"; XROS_DEPLOYMENT_TARGET = 2.0; TARGETED_DEVICE_FAMILY = 7; SWIFT_VERSION = 5.0; CODE_SIGN_STYLE = Automatic;  SWIFT_OPTIMIZATION_LEVEL = "-Onone"; SWIFT_ACTIVE_COMPILATION_CONDITIONS = DEBUG; DEBUG_INFORMATION_FORMAT = dwarf; ENABLE_TESTABILITY = YES; }; };
E6DE6C99132752C914FEF632 = { isa = XCBuildConfiguration; name = Release; buildSettings = { CLANG_ENABLE_MODULES = YES; SDKROOT = xros; SUPPORTED_PLATFORMS = "xros xrsimulator"; XROS_DEPLOYMENT_TARGET = 2.0; TARGETED_DEVICE_FAMILY = 7; SWIFT_VERSION = 5.0; CODE_SIGN_STYLE = Automatic;  SWIFT_OPTIMIZATION_LEVEL = "-O"; SWIFT_COMPILATION_MODE = wholemodule; DEBUG_INFORMATION_FORMAT = "dwarf-with-dsym"; }; };
862894B703A6DEDF96A9DD6C = { isa = XCConfigurationList; buildConfigurations = (89E1FD6268CC0F221A2BE178, E6DE6C99132752C914FEF632); defaultConfigurationIsVisible = 0; defaultConfigurationName = Release; };
E9B2E96ABC5F6856F2BE79CF = { isa = XCBuildConfiguration; name = Debug; buildSettings = { CLANG_ENABLE_MODULES = YES; SDKROOT = xros; SUPPORTED_PLATFORMS = "xros xrsimulator"; XROS_DEPLOYMENT_TARGET = 2.0; TARGETED_DEVICE_FAMILY = 7; SWIFT_VERSION = 5.0; CODE_SIGN_STYLE = Automatic; PRODUCT_BUNDLE_IDENTIFIER = com.atlasroute.teaching.vision; PRODUCT_NAME = "$(TARGET_NAME)"; INFOPLIST_FILE = AtlasVisionTeaching/Info.plist; ASSETCATALOG_COMPILER_APPICON_NAME = AppIcon; GENERATE_INFOPLIST_FILE = NO; LD_RUNPATH_SEARCH_PATHS = "$(inherited) @executable_path/Frameworks"; SWIFT_OPTIMIZATION_LEVEL = "-Onone"; SWIFT_ACTIVE_COMPILATION_CONDITIONS = DEBUG; DEBUG_INFORMATION_FORMAT = dwarf; ENABLE_TESTABILITY = YES; }; };
5A8C91857F674E16E2724F47 = { isa = XCBuildConfiguration; name = Release; buildSettings = { CLANG_ENABLE_MODULES = YES; SDKROOT = xros; SUPPORTED_PLATFORMS = "xros xrsimulator"; XROS_DEPLOYMENT_TARGET = 2.0; TARGETED_DEVICE_FAMILY = 7; SWIFT_VERSION = 5.0; CODE_SIGN_STYLE = Automatic; PRODUCT_BUNDLE_IDENTIFIER = com.atlasroute.teaching.vision; PRODUCT_NAME = "$(TARGET_NAME)"; INFOPLIST_FILE = AtlasVisionTeaching/Info.plist; ASSETCATALOG_COMPILER_APPICON_NAME = AppIcon; GENERATE_INFOPLIST_FILE = NO; LD_RUNPATH_SEARCH_PATHS = "$(inherited) @executable_path/Frameworks"; SWIFT_OPTIMIZATION_LEVEL = "-O"; SWIFT_COMPILATION_MODE = wholemodule; DEBUG_INFORMATION_FORMAT = "dwarf-with-dsym"; }; };
F37922C48DA5978D02C9E50E = { isa = XCConfigurationList; buildConfigurations = (E9B2E96ABC5F6856F2BE79CF, 5A8C91857F674E16E2724F47); defaultConfigurationIsVisible = 0; defaultConfigurationName = Release; };
FCB48D8F88BCDB0ED9FADFD7 = { isa = XCBuildConfiguration; name = Debug; buildSettings = { CLANG_ENABLE_MODULES = YES; SDKROOT = xros; SUPPORTED_PLATFORMS = "xros xrsimulator"; XROS_DEPLOYMENT_TARGET = 2.0; TARGETED_DEVICE_FAMILY = 7; SWIFT_VERSION = 5.0; CODE_SIGN_STYLE = Automatic; PRODUCT_BUNDLE_IDENTIFIER = com.atlasroute.teaching.vision.uitests; PRODUCT_NAME = "$(TARGET_NAME)"; GENERATE_INFOPLIST_FILE = YES; TEST_TARGET_NAME = AtlasVisionTeaching; SWIFT_OPTIMIZATION_LEVEL = "-Onone"; SWIFT_ACTIVE_COMPILATION_CONDITIONS = DEBUG; DEBUG_INFORMATION_FORMAT = dwarf; ENABLE_TESTABILITY = YES; }; };
942EEBBACD6C88CAE7F29B29 = { isa = XCBuildConfiguration; name = Release; buildSettings = { CLANG_ENABLE_MODULES = YES; SDKROOT = xros; SUPPORTED_PLATFORMS = "xros xrsimulator"; XROS_DEPLOYMENT_TARGET = 2.0; TARGETED_DEVICE_FAMILY = 7; SWIFT_VERSION = 5.0; CODE_SIGN_STYLE = Automatic; PRODUCT_BUNDLE_IDENTIFIER = com.atlasroute.teaching.vision.uitests; PRODUCT_NAME = "$(TARGET_NAME)"; GENERATE_INFOPLIST_FILE = YES; TEST_TARGET_NAME = AtlasVisionTeaching; SWIFT_OPTIMIZATION_LEVEL = "-O"; SWIFT_COMPILATION_MODE = wholemodule; DEBUG_INFORMATION_FORMAT = "dwarf-with-dsym"; }; };
BECB265224D91761C05FDA33 = { isa = XCConfigurationList; buildConfigurations = (FCB48D8F88BCDB0ED9FADFD7, 942EEBBACD6C88CAE7F29B29); defaultConfigurationIsVisible = 0; defaultConfigurationName = Release; };
D799BAE6088A90139B415FCC = { isa = PBXContainerItemProxy; containerPortal = 98F54143AB4E86B28C3AFEE0; proxyType = 1; remoteGlobalIDString = 0E8A3AD980EC179856012B7E; remoteInfo = AtlasVisionTeaching; };
DE58E2B17C19600779694943 = { isa = PBXTargetDependency; target = 0E8A3AD980EC179856012B7E; targetProxy = D799BAE6088A90139B415FCC; };
0E8A3AD980EC179856012B7E = { isa = PBXNativeTarget; name = AtlasVisionTeaching; productName = AtlasVisionTeaching; productType = "com.apple.product-type.application"; productReference = 38A007151ABE87CC01A5B6E9; buildConfigurationList = F37922C48DA5978D02C9E50E; buildPhases = (BCE16DD0260827ECF338C787, 7561BFB015D8F536760CB671, 0189424A5A60FED329FA868E); buildRules = (); dependencies = (); };
0A06C5E2DA34E686D888A695 = { isa = PBXNativeTarget; name = AtlasVisionTeachingUITests; productName = AtlasVisionTeachingUITests; productType = "com.apple.product-type.bundle.ui-testing"; productReference = B7480EC88B7F22D0A4757273; buildConfigurationList = BECB265224D91761C05FDA33; buildPhases = (9F3002A5D69B22D357A58AA9); buildRules = (); dependencies = (DE58E2B17C19600779694943); };
98F54143AB4E86B28C3AFEE0 = { isa = PBXProject; attributes = { LastUpgradeCheck = 2660; BuildIndependentTargetsInParallel = YES; }; buildConfigurationList = 862894B703A6DEDF96A9DD6C; compatibilityVersion = "Xcode 14.0"; developmentRegion = zh_CN; knownRegions = (en, zh_CN, Base); mainGroup = B28B7AF69320201D1CF206EB; productRefGroup = FBDC4F23F93125BBEEAE800C; projectDirPath = ""; projectRoot = ""; targets = (0E8A3AD980EC179856012B7E, 0A06C5E2DA34E686D888A695); };
}; rootObject = 98F54143AB4E86B28C3AFEE0; }
